
Microsoft Visual Studio Solution File, Format Version 12.00
# Visual Studio Version 16
VisualStudioVersion = 16.0.29911.84
MinimumVisualStudioVersion = 10.0.40219.1
Project("{FAE04EC0-301F-11D3-BF4B-00C04F79EFBC}") = "xXx_Coursework_zZz", "xXx_Coursework_zZz\xXx_Coursework_zZz.csproj", "{395F56B0-1E6D-426D-81B6-783C189DEB83}"
EndProject
Global
	GlobalSection(SolutionConfigurationPlatforms) = preSolution
		Debug|Any CPU = Debug|Any CPU
		Release|Any CPU = Release|Any CPU
	EndGlobalSection
	GlobalSection(ProjectConfigurationPlatforms) = postSolution
		{395F56B0-1E6D-426D-81B6-783C189DEB83}.Debug|Any CPU.ActiveCfg = Debug|Any CPU
		{395F56B0-1E6D-426D-81B6-783C189DEB83}.Debug|Any CPU.Build.0 = Debug|Any CPU
		{395F56B0-1E6D-426D-81B6-783C189DEB83}.Release|Any CPU.ActiveCfg = Release|Any CPU
		{395F56B0-1E6D-426D-81B6-783C189DEB83}.Release|Any CPU.Build.0 = Release|Any CPU
	EndGlobalSection
	GlobalSection(SolutionProperties) = preSolution
		HideSolutionNode = FALSE
	EndGlobalSection
	GlobalSection(ExtensibilityGlobals) = postSolution
		SolutionGuid = {00263AD1-5B13-4CD6-ABE1-CC7D79FC6D73}
	EndGlobalSection
EndGlobal
